
Microsoft Visual Studio Solution File, Format Version 12.00
# Visual Studio Version 17
VisualStudioVersion = 17.5.33516.290
MinimumVisualStudioVersion = 10.0.40219.1
Project("{FAE04EC0-301F-11D3-BF4B-00C04F79EFBC}") = "JWTWebApi", "JWTWebApi.csproj", "{0DE56DAD-01CE-4F8B-B437-8C9061A2E212}"
EndProject
Global
	GlobalSection(SolutionConfigurationPlatforms) = preSolution
		Debug|Any CPU = Debug|Any CPU
		Release|Any CPU = Release|Any CPU
	EndGlobalSection
	GlobalSection(ProjectConfigurationPlatforms) = postSolution
		{0DE56DAD-01CE-4F8B-B437-8C9061A2E212}.Debug|Any CPU.ActiveCfg = Debug|Any CPU
		{0DE56DAD-01CE-4F8B-B437-8C9061A2E212}.Debug|Any CPU.Build.0 = Debug|Any CPU
		{0DE56DAD-01CE-4F8B-B437-8C9061A2E212}.Release|Any CPU.ActiveCfg = Release|Any CPU
		{0DE56DAD-01CE-4F8B-B437-8C9061A2E212}.Release|Any CPU.Build.0 = Release|Any CPU
	EndGlobalSection
	GlobalSection(SolutionProperties) = preSolution
		HideSolutionNode = FALSE
	EndGlobalSection
	GlobalSection(ExtensibilityGlobals) = postSolution
		SolutionGuid = {20561B93-50DB-4AE2-8ABF-1F268086BF45}
	EndGlobalSection
EndGlobal
